// !$*UTF8*$!
{
	archiveVersion = 1;
	classes = {};
	objectVersion = 56;
	objects = {

/* Begin PBXBuildFile section */
		A10000000000000000000001 /* QwixitApp.swift in Sources */ = {isa = PBXBuildFile; fileRef = B10000000000000000000001 /* QwixitApp.swift */; };
		A10000000000000000000002 /* SettingsViewModel.swift in Sources */ = {isa = PBXBuildFile; fileRef = B10000000000000000000002 /* SettingsViewModel.swift */; };
		A10000000000000000000003 /* DesignSystem.swift in Sources */ = {isa = PBXBuildFile; fileRef = B10000000000000000000003 /* DesignSystem.swift */; };
		A10000000000000000000004 /* GlobalHotKey.swift in Sources */ = {isa = PBXBuildFile; fileRef = B10000000000000000000004 /* GlobalHotKey.swift */; };
		A10000000000000000000005 /* AccessibilityService.swift in Sources */ = {isa = PBXBuildFile; fileRef = B10000000000000000000005 /* AccessibilityService.swift */; };
		A10000000000000000000006 /* TextImprovementService.swift in Sources */ = {isa = PBXBuildFile; fileRef = B10000000000000000000006 /* TextImprovementService.swift */; };
		A10000000000000000000007 /* FeedbackWindowController.swift in Sources */ = {isa = PBXBuildFile; fileRef = B10000000000000000000007 /* FeedbackWindowController.swift */; };
		A10000000000000000000008 /* FeedbackPill.swift in Sources */ = {isa = PBXBuildFile; fileRef = B10000000000000000000008 /* FeedbackPill.swift */; };
		A10000000000000000000009 /* MenuBarView.swift in Sources */ = {isa = PBXBuildFile; fileRef = B10000000000000000000009 /* MenuBarView.swift */; };
		A1000000000000000000000A /* SettingsView.swift in Sources */ = {isa = PBXBuildFile; fileRef = B1000000000000000000000A /* SettingsView.swift */; };
		A1000000000000000000000B /* OnboardingView.swift in Sources */ = {isa = PBXBuildFile; fileRef = B1000000000000000000000B /* OnboardingView.swift */; };
		A10000000000000000000040 /* LegacyMigration.swift in Sources */ = {isa = PBXBuildFile; fileRef = B10000000000000000000040 /* LegacyMigration.swift */; };
		A10000000000000000000041 /* HouseStyle.swift in Sources */ = {isa = PBXBuildFile; fileRef = B10000000000000000000041 /* HouseStyle.swift */; };
		A1000000000000000000000C /* KeychainStore.swift in Sources */ = {isa = PBXBuildFile; fileRef = B1000000000000000000000F /* KeychainStore.swift */; };
		A1000000000000000000000D /* OpenAIClient.swift in Sources */ = {isa = PBXBuildFile; fileRef = B10000000000000000000010 /* OpenAIClient.swift */; };
		A10000000000000000000012 /* Assets.xcassets in Resources */ = {isa = PBXBuildFile; fileRef = B10000000000000000000015 /* Assets.xcassets */; };
		A10000000000000000000013 /* PeekHotkey.swift in Sources */ = {isa = PBXBuildFile; fileRef = B10000000000000000000016 /* PeekHotkey.swift */; };
		A10000000000000000000014 /* SelectionReader.swift in Sources */ = {isa = PBXBuildFile; fileRef = B10000000000000000000017 /* SelectionReader.swift */; };
		A10000000000000000000015 /* PeekPanel.swift in Sources */ = {isa = PBXBuildFile; fileRef = B10000000000000000000018 /* PeekPanel.swift */; };
		A10000000000000000000016 /* PeekView.swift in Sources */ = {isa = PBXBuildFile; fileRef = B10000000000000000000019 /* PeekView.swift */; };
		A10000000000000000000017 /* PeekViewModel.swift in Sources */ = {isa = PBXBuildFile; fileRef = B1000000000000000000001A /* PeekViewModel.swift */; };
		A10000000000000000000018 /* PeekClient.swift in Sources */ = {isa = PBXBuildFile; fileRef = B1000000000000000000001B /* PeekClient.swift */; };
		A10000000000000000000019 /* LanguageDetector.swift in Sources */ = {isa = PBXBuildFile; fileRef = B1000000000000000000001C /* LanguageDetector.swift */; };
		A1000000000000000000001A /* PeekViewModelTests.swift in Sources */ = {isa = PBXBuildFile; fileRef = B1000000000000000000001D /* PeekViewModelTests.swift */; };
		A1000000000000000000001B /* ActionRegistry.swift in Sources */ = {isa = PBXBuildFile; fileRef = B1000000000000000000001F /* ActionRegistry.swift */; };
		A1000000000000000000001C /* HotkeyManager.swift in Sources */ = {isa = PBXBuildFile; fileRef = B10000000000000000000020 /* HotkeyManager.swift */; };
		A1000000000000000000001D /* AXTextBridge.swift in Sources */ = {isa = PBXBuildFile; fileRef = B10000000000000000000021 /* AXTextBridge.swift */; };
		A1000000000000000000001E /* PaletteViewModel.swift in Sources */ = {isa = PBXBuildFile; fileRef = B10000000000000000000022 /* PaletteViewModel.swift */; };
		A1000000000000000000001F /* PaletteView.swift in Sources */ = {isa = PBXBuildFile; fileRef = B10000000000000000000023 /* PaletteView.swift */; };
		A10000000000000000000020 /* ResultHUD.swift in Sources */ = {isa = PBXBuildFile; fileRef = B10000000000000000000024 /* ResultHUD.swift */; };
		A10000000000000000000021 /* ResultCard.swift in Sources */ = {isa = PBXBuildFile; fileRef = B10000000000000000000025 /* ResultCard.swift */; };
		A10000000000000000000022 /* PalettePanel.swift in Sources */ = {isa = PBXBuildFile; fileRef = B10000000000000000000026 /* PalettePanel.swift */; };
		A10000000000000000000023 /* PaletteViewModelTests.swift in Sources */ = {isa = PBXBuildFile; fileRef = B10000000000000000000027 /* PaletteViewModelTests.swift */; };
		A10000000000000000000024 /* QuickImproveViewModel.swift in Sources */ = {isa = PBXBuildFile; fileRef = B10000000000000000000028 /* QuickImproveViewModel.swift */; };
		A10000000000000000000025 /* AppPreferences.swift in Sources */ = {isa = PBXBuildFile; fileRef = B10000000000000000000029 /* AppPreferences.swift */; };
		A10000000000000000000026 /* QuickImproveContracts.swift in Sources */ = {isa = PBXBuildFile; fileRef = B1000000000000000000002A /* QuickImproveContracts.swift */; };
/* End PBXBuildFile section */

/* Begin PBXContainerItemProxy section */
		A30000000000000000000001 = {isa = PBXContainerItemProxy; containerPortal = E10000000000000000000002 /* Project object */; proxyType = 1; remoteGlobalIDString = E10000000000000000000001; remoteInfo = Qwixit; };
/* End PBXContainerItemProxy section */

/* Begin PBXFileReference section */
		B10000000000000000000001 /* QwixitApp.swift */ = {isa = PBXFileReference; lastKnownFileType = sourcecode.swift; name = QwixitApp.swift; path = App/QwixitApp.swift; sourceTree = "<group>"; };
		B10000000000000000000002 /* SettingsViewModel.swift */ = {isa = PBXFileReference; lastKnownFileType = sourcecode.swift; name = SettingsViewModel.swift; path = Features/Settings/Presentation/SettingsViewModel.swift; sourceTree = "<group>"; };
		B10000000000000000000003 /* DesignSystem.swift */ = {isa = PBXFileReference; lastKnownFileType = sourcecode.swift; name = DesignSystem.swift; path = Core/DesignSystem/DesignSystem.swift; sourceTree = "<group>"; };
		B10000000000000000000004 /* GlobalHotKey.swift */ = {isa = PBXFileReference; lastKnownFileType = sourcecode.swift; name = GlobalHotKey.swift; path = Infrastructure/Hotkeys/GlobalHotKey.swift; sourceTree = "<group>"; };
		B10000000000000000000005 /* AccessibilityService.swift */ = {isa = PBXFileReference; lastKnownFileType = sourcecode.swift; name = AccessibilityService.swift; path = Infrastructure/Accessibility/AccessibilityService.swift; sourceTree = "<group>"; };
		B10000000000000000000006 /* TextImprovementService.swift */ = {isa = PBXFileReference; lastKnownFileType = sourcecode.swift; name = TextImprovementService.swift; path = Features/QuickImprove/Data/TextImprovementService.swift; sourceTree = "<group>"; };
		B10000000000000000000007 /* FeedbackWindowController.swift */ = {isa = PBXFileReference; lastKnownFileType = sourcecode.swift; name = FeedbackWindowController.swift; path = Features/QuickImprove/Presentation/FeedbackWindowController.swift; sourceTree = "<group>"; };
		B10000000000000000000008 /* FeedbackPill.swift */ = {isa = PBXFileReference; lastKnownFileType = sourcecode.swift; name = FeedbackPill.swift; path = Features/QuickImprove/Presentation/FeedbackPill.swift; sourceTree = "<group>"; };
		B10000000000000000000009 /* MenuBarView.swift */ = {isa = PBXFileReference; lastKnownFileType = sourcecode.swift; name = MenuBarView.swift; path = Features/Settings/Presentation/MenuBarView.swift; sourceTree = "<group>"; };
		B1000000000000000000000A /* SettingsView.swift */ = {isa = PBXFileReference; lastKnownFileType = sourcecode.swift; name = SettingsView.swift; path = Features/Settings/Presentation/SettingsView.swift; sourceTree = "<group>"; };
		B1000000000000000000000B /* OnboardingView.swift */ = {isa = PBXFileReference; lastKnownFileType = sourcecode.swift; name = OnboardingView.swift; path = Features/Settings/Presentation/OnboardingView.swift; sourceTree = "<group>"; };
		B1000000000000000000000C /* Info.plist */ = {isa = PBXFileReference; lastKnownFileType = text.plist.xml; path = Info.plist; sourceTree = "<group>"; };
		B1000000000000000000000D /* Qwixit.app */ = {isa = PBXFileReference; explicitFileType = wrapper.application; includeInIndex = 0; path = Qwixit.app; sourceTree = BUILT_PRODUCTS_DIR; };
		B10000000000000000000040 /* LegacyMigration.swift */ = {isa = PBXFileReference; lastKnownFileType = sourcecode.swift; name = LegacyMigration.swift; path = Infrastructure/Persistence/LegacyMigration.swift; sourceTree = "<group>"; };
		B10000000000000000000041 /* HouseStyle.swift */ = {isa = PBXFileReference; lastKnownFileType = sourcecode.swift; name = HouseStyle.swift; path = Infrastructure/Networking/HouseStyle.swift; sourceTree = "<group>"; };
		B1000000000000000000000F /* KeychainStore.swift */ = {isa = PBXFileReference; lastKnownFileType = sourcecode.swift; name = KeychainStore.swift; path = Infrastructure/Persistence/KeychainStore.swift; sourceTree = "<group>"; };
		B10000000000000000000010 /* OpenAIClient.swift */ = {isa = PBXFileReference; lastKnownFileType = sourcecode.swift; name = OpenAIClient.swift; path = Infrastructure/Networking/OpenAIClient.swift; sourceTree = "<group>"; };
		B10000000000000000000015 /* Assets.xcassets */ = {isa = PBXFileReference; lastKnownFileType = folder.assetcatalog; path = Assets.xcassets; sourceTree = "<group>"; };
		B10000000000000000000016 /* PeekHotkey.swift */ = {isa = PBXFileReference; lastKnownFileType = sourcecode.swift; name = PeekHotkey.swift; path = Features/Peek/Services/PeekHotkey.swift; sourceTree = "<group>"; };
		B10000000000000000000017 /* SelectionReader.swift */ = {isa = PBXFileReference; lastKnownFileType = sourcecode.swift; name = SelectionReader.swift; path = Features/Peek/Services/SelectionReader.swift; sourceTree = "<group>"; };
		B10000000000000000000018 /* PeekPanelController.swift */ = {isa = PBXFileReference; lastKnownFileType = sourcecode.swift; name = PeekPanelController.swift; path = Features/Peek/Presentation/PeekPanelController.swift; sourceTree = "<group>"; };
		B10000000000000000000019 /* PeekView.swift */ = {isa = PBXFileReference; lastKnownFileType = sourcecode.swift; name = PeekView.swift; path = Features/Peek/Presentation/PeekView.swift; sourceTree = "<group>"; };
		B1000000000000000000001A /* PeekViewModel.swift */ = {isa = PBXFileReference; lastKnownFileType = sourcecode.swift; name = PeekViewModel.swift; path = Features/Peek/Presentation/PeekViewModel.swift; sourceTree = "<group>"; };
		B1000000000000000000001B /* PeekClient.swift */ = {isa = PBXFileReference; lastKnownFileType = sourcecode.swift; name = PeekClient.swift; path = Features/Peek/Data/PeekClient.swift; sourceTree = "<group>"; };
		B1000000000000000000001C /* LanguageDetector.swift */ = {isa = PBXFileReference; lastKnownFileType = sourcecode.swift; name = LanguageDetector.swift; path = Features/Peek/Services/LanguageDetector.swift; sourceTree = "<group>"; };
		B1000000000000000000001D /* PeekViewModelTests.swift */ = {isa = PBXFileReference; lastKnownFileType = sourcecode.swift; name = PeekViewModelTests.swift; path = Features/Peek/PeekViewModelTests.swift; sourceTree = "<group>"; };
		B1000000000000000000001E /* QwixitTests.xctest */ = {isa = PBXFileReference; explicitFileType = wrapper.cfbundle; includeInIndex = 0; path = QwixitTests.xctest; sourceTree = BUILT_PRODUCTS_DIR; };
		B1000000000000000000001F /* PaletteModels.swift */ = {isa = PBXFileReference; lastKnownFileType = sourcecode.swift; name = PaletteModels.swift; path = Features/Palette/Domain/PaletteModels.swift; sourceTree = "<group>"; };
		B10000000000000000000020 /* PaletteHotkeyController.swift */ = {isa = PBXFileReference; lastKnownFileType = sourcecode.swift; name = PaletteHotkeyController.swift; path = Features/Palette/Infrastructure/PaletteHotkeyController.swift; sourceTree = "<group>"; };
		B10000000000000000000021 /* AXTextBridge.swift */ = {isa = PBXFileReference; lastKnownFileType = sourcecode.swift; name = AXTextBridge.swift; path = Features/Palette/Infrastructure/AXTextBridge.swift; sourceTree = "<group>"; };
		B10000000000000000000022 /* PaletteViewModel.swift */ = {isa = PBXFileReference; lastKnownFileType = sourcecode.swift; name = PaletteViewModel.swift; path = Features/Palette/Presentation/PaletteViewModel.swift; sourceTree = "<group>"; };
		B10000000000000000000023 /* PaletteView.swift */ = {isa = PBXFileReference; lastKnownFileType = sourcecode.swift; name = PaletteView.swift; path = Features/Palette/Presentation/PaletteView.swift; sourceTree = "<group>"; };
		B10000000000000000000024 /* ResultHUDController.swift */ = {isa = PBXFileReference; lastKnownFileType = sourcecode.swift; name = ResultHUDController.swift; path = Features/Palette/Presentation/ResultHUDController.swift; sourceTree = "<group>"; };
		B10000000000000000000025 /* ResultCardController.swift */ = {isa = PBXFileReference; lastKnownFileType = sourcecode.swift; name = ResultCardController.swift; path = Features/Palette/Presentation/ResultCardController.swift; sourceTree = "<group>"; };
		B10000000000000000000026 /* PalettePanelController.swift */ = {isa = PBXFileReference; lastKnownFileType = sourcecode.swift; name = PalettePanelController.swift; path = Features/Palette/Presentation/PalettePanelController.swift; sourceTree = "<group>"; };
		B10000000000000000000027 /* PaletteViewModelTests.swift */ = {isa = PBXFileReference; lastKnownFileType = sourcecode.swift; name = PaletteViewModelTests.swift; path = Features/Palette/PaletteViewModelTests.swift; sourceTree = "<group>"; };
		B10000000000000000000028 /* QuickImproveViewModel.swift */ = {isa = PBXFileReference; lastKnownFileType = sourcecode.swift; name = QuickImproveViewModel.swift; path = Features/QuickImprove/Presentation/QuickImproveViewModel.swift; sourceTree = "<group>"; };
		B10000000000000000000029 /* AppPreferences.swift */ = {isa = PBXFileReference; lastKnownFileType = sourcecode.swift; name = AppPreferences.swift; path = Infrastructure/Persistence/AppPreferences.swift; sourceTree = "<group>"; };
		B1000000000000000000002A /* QuickImproveContracts.swift */ = {isa = PBXFileReference; lastKnownFileType = sourcecode.swift; name = QuickImproveContracts.swift; path = Features/QuickImprove/Domain/QuickImproveContracts.swift; sourceTree = "<group>"; };
/* End PBXFileReference section */

/* Begin PBXFrameworksBuildPhase section */
		C10000000000000000000001 /* Frameworks */ = {isa = PBXFrameworksBuildPhase; buildActionMask = 2147483647; files = (); runOnlyForDeploymentPostprocessing = 0; };
/* End PBXFrameworksBuildPhase section */

/* Begin PBXGroup section */
		D10000000000000000000001 = {isa = PBXGroup; children = (D10000000000000000000002 /* Qwixit */, D10000000000000000000004 /* QwixitTests */, D10000000000000000000003 /* Products */); sourceTree = "<group>"; };
		D10000000000000000000002 /* Qwixit */ = {isa = PBXGroup; path = Qwixit; sourceTree = "<group>"; children = (D20000000000000000000001 /* App */, D20000000000000000000002 /* Core */, D20000000000000000000003 /* Infrastructure */, D20000000000000000000004 /* Features */, B10000000000000000000015 /* Assets.xcassets */, B1000000000000000000000C /* Info.plist */); };
		D20000000000000000000001 /* App */ = {isa = PBXGroup; name = App; sourceTree = "<group>"; children = (B10000000000000000000001 /* QwixitApp.swift */); };
		D20000000000000000000002 /* Core */ = {isa = PBXGroup; name = Core; sourceTree = "<group>"; children = (B10000000000000000000003 /* DesignSystem.swift */); };
		D20000000000000000000003 /* Infrastructure */ = {isa = PBXGroup; name = Infrastructure; sourceTree = "<group>"; children = (B10000000000000000000004 /* GlobalHotKey.swift */, B10000000000000000000005 /* AccessibilityService.swift */, B10000000000000000000029 /* AppPreferences.swift */, B1000000000000000000000F /* KeychainStore.swift */, B10000000000000000000040 /* LegacyMigration.swift */, B10000000000000000000010 /* OpenAIClient.swift */, B10000000000000000000041 /* HouseStyle.swift */); };
		D20000000000000000000004 /* Features */ = {isa = PBXGroup; name = Features; sourceTree = "<group>"; children = (D20000000000000000000005 /* Quick Improve */, D20000000000000000000006 /* Settings */, D20000000000000000000007 /* Palette */, D20000000000000000000008 /* Peek */); };
		D20000000000000000000005 /* Quick Improve */ = {isa = PBXGroup; name = "Quick Improve"; sourceTree = "<group>"; children = (B1000000000000000000002A /* QuickImproveContracts.swift */, B10000000000000000000028 /* QuickImproveViewModel.swift */, B10000000000000000000006 /* TextImprovementService.swift */, B10000000000000000000007 /* FeedbackWindowController.swift */, B10000000000000000000008 /* FeedbackPill.swift */); };
		D20000000000000000000006 /* Settings */ = {isa = PBXGroup; name = Settings; sourceTree = "<group>"; children = (B10000000000000000000002 /* SettingsViewModel.swift */, B10000000000000000000009 /* MenuBarView.swift */, B1000000000000000000000A /* SettingsView.swift */, B1000000000000000000000B /* OnboardingView.swift */); };
		D20000000000000000000007 /* Palette */ = {isa = PBXGroup; name = Palette; sourceTree = "<group>"; children = (B1000000000000000000001F /* PaletteModels.swift */, B10000000000000000000020 /* PaletteHotkeyController.swift */, B10000000000000000000021 /* AXTextBridge.swift */, B10000000000000000000022 /* PaletteViewModel.swift */, B10000000000000000000023 /* PaletteView.swift */, B10000000000000000000024 /* ResultHUDController.swift */, B10000000000000000000025 /* ResultCardController.swift */, B10000000000000000000026 /* PalettePanelController.swift */); };
		D20000000000000000000008 /* Peek */ = {isa = PBXGroup; name = Peek; sourceTree = "<group>"; children = (B10000000000000000000016 /* PeekHotkey.swift */, B10000000000000000000017 /* SelectionReader.swift */, B10000000000000000000018 /* PeekPanelController.swift */, B10000000000000000000019 /* PeekView.swift */, B1000000000000000000001A /* PeekViewModel.swift */, B1000000000000000000001B /* PeekClient.swift */, B1000000000000000000001C /* LanguageDetector.swift */); };
		D10000000000000000000003 /* Products */ = {isa = PBXGroup; children = (B1000000000000000000000D /* Qwixit.app */, B1000000000000000000001E /* QwixitTests.xctest */); name = Products; sourceTree = "<group>"; };
		D10000000000000000000004 /* QwixitTests */ = {isa = PBXGroup; children = (B1000000000000000000001D /* PeekViewModelTests.swift */, B10000000000000000000027 /* PaletteViewModelTests.swift */); path = QwixitTests; sourceTree = "<group>"; };
/* End PBXGroup section */

/* Begin PBXNativeTarget section */
		E10000000000000000000001 /* Qwixit */ = {isa = PBXNativeTarget; buildConfigurationList = F10000000000000000000002; buildPhases = (C10000000000000000000002 /* Sources */, C10000000000000000000001 /* Frameworks */, C10000000000000000000003 /* Resources */); buildRules = (); dependencies = (); name = Qwixit; productName = Qwixit; productReference = B1000000000000000000000D; productType = "com.apple.product-type.application"; };
		E10000000000000000000003 /* QwixitTests */ = {isa = PBXNativeTarget; buildConfigurationList = F10000000000000000000003; buildPhases = (C10000000000000000000004 /* Sources */); buildRules = (); dependencies = (A40000000000000000000001 /* PBXTargetDependency */); name = QwixitTests; productName = QwixitTests; productReference = B1000000000000000000001E /* QwixitTests.xctest */; productType = "com.apple.product-type.bundle.unit-test"; };
/* End PBXNativeTarget section */

/* Begin PBXProject section */
		E10000000000000000000002 /* Project object */ = {isa = PBXProject; attributes = {BuildIndependentTargetsInParallel = 1; LastSwiftUpdateCheck = 1600; LastUpgradeCheck = 1600; TargetAttributes = {E10000000000000000000001 = {CreatedOnToolsVersion = 16.0;}; E10000000000000000000003 = {CreatedOnToolsVersion = 16.0; TestTargetID = E10000000000000000000001;};};}; buildConfigurationList = F10000000000000000000001; compatibilityVersion = "Xcode 15.0"; developmentRegion = en; hasScannedForEncodings = 0; knownRegions = (en, Base); mainGroup = D10000000000000000000001; productRefGroup = D10000000000000000000003; projectDirPath = ""; projectRoot = ""; targets = (E10000000000000000000001, E10000000000000000000003); };
/* End PBXProject section */

/* Begin PBXResourcesBuildPhase section */
		C10000000000000000000003 /* Resources */ = {isa = PBXResourcesBuildPhase; buildActionMask = 2147483647; files = (A10000000000000000000012 /* Assets.xcassets in Resources */); runOnlyForDeploymentPostprocessing = 0; };
/* End PBXResourcesBuildPhase section */

/* Begin PBXSourcesBuildPhase section */
		C10000000000000000000002 /* Sources */ = {isa = PBXSourcesBuildPhase; buildActionMask = 2147483647; files = (A10000000000000000000001, A10000000000000000000002, A10000000000000000000024, A10000000000000000000025, A10000000000000000000026, A10000000000000000000003, A10000000000000000000004, A10000000000000000000005, A10000000000000000000006, A10000000000000000000007, A1000000000000000000000C, A10000000000000000000040, A10000000000000000000041, A1000000000000000000000D, A10000000000000000000013, A10000000000000000000014, A10000000000000000000015, A10000000000000000000016, A10000000000000000000017, A10000000000000000000018, A10000000000000000000019, A1000000000000000000001B, A1000000000000000000001C, A1000000000000000000001D, A1000000000000000000001E, A1000000000000000000001F, A10000000000000000000020, A10000000000000000000021, A10000000000000000000022, A10000000000000000000008, A10000000000000000000009, A1000000000000000000000A, A1000000000000000000000B); runOnlyForDeploymentPostprocessing = 0; };
		C10000000000000000000004 /* Sources */ = {isa = PBXSourcesBuildPhase; buildActionMask = 2147483647; files = (A1000000000000000000001A /* PeekViewModelTests.swift in Sources */, A10000000000000000000023 /* PaletteViewModelTests.swift in Sources */); runOnlyForDeploymentPostprocessing = 0; };
/* End PBXSourcesBuildPhase section */

/* Begin PBXTargetDependency section */
		A40000000000000000000001 /* PBXTargetDependency */ = {isa = PBXTargetDependency; target = E10000000000000000000001 /* Qwixit */; targetProxy = A30000000000000000000001; };
/* End PBXTargetDependency section */

/* Begin XCBuildConfiguration section */
		F20000000000000000000001 /* Debug */ = {isa = XCBuildConfiguration; buildSettings = {CLANG_ENABLE_MODULES = YES; MACOSX_DEPLOYMENT_TARGET = 14.0; SDKROOT = macosx; SWIFT_VERSION = 5.0;}; name = Debug; };
		F20000000000000000000002 /* Release */ = {isa = XCBuildConfiguration; buildSettings = {CLANG_ENABLE_MODULES = YES; MACOSX_DEPLOYMENT_TARGET = 14.0; SDKROOT = macosx; SWIFT_VERSION = 5.0;}; name = Release; };
		F20000000000000000000003 /* Debug */ = {isa = XCBuildConfiguration; buildSettings = {ASSETCATALOG_COMPILER_APPICON_NAME = AppIcon; CODE_SIGN_STYLE = Automatic; COMBINE_HIDPI_IMAGES = YES; CURRENT_PROJECT_VERSION = 1; DEVELOPMENT_TEAM = ""; ENABLE_HARDENED_RUNTIME = YES; ENABLE_TESTABILITY = YES; GENERATE_INFOPLIST_FILE = NO; INFOPLIST_FILE = Qwixit/Info.plist; LD_RUNPATH_SEARCH_PATHS = "$(inherited) @executable_path/../Frameworks"; MARKETING_VERSION = 1.0; PRODUCT_BUNDLE_IDENTIFIER = ai.qwixit.app; PRODUCT_NAME = "$(TARGET_NAME)"; SWIFT_EMIT_LOC_STRINGS = YES; SWIFT_VERSION = 5.0;}; name = Debug; };
		F20000000000000000000004 /* Release */ = {isa = XCBuildConfiguration; buildSettings = {ASSETCATALOG_COMPILER_APPICON_NAME = AppIcon; CODE_SIGN_STYLE = Automatic; COMBINE_HIDPI_IMAGES = YES; CURRENT_PROJECT_VERSION = 1; DEVELOPMENT_TEAM = ""; ENABLE_HARDENED_RUNTIME = YES; GENERATE_INFOPLIST_FILE = NO; INFOPLIST_FILE = Qwixit/Info.plist; LD_RUNPATH_SEARCH_PATHS = "$(inherited) @executable_path/../Frameworks"; MARKETING_VERSION = 1.0; PRODUCT_BUNDLE_IDENTIFIER = ai.qwixit.app; PRODUCT_NAME = "$(TARGET_NAME)"; SWIFT_EMIT_LOC_STRINGS = YES; SWIFT_VERSION = 5.0;}; name = Release; };
		F20000000000000000000005 /* Debug */ = {isa = XCBuildConfiguration; buildSettings = {BUNDLE_LOADER = "$(TEST_HOST)"; CODE_SIGNING_ALLOWED = NO; GENERATE_INFOPLIST_FILE = YES; MACOSX_DEPLOYMENT_TARGET = 14.0; PRODUCT_BUNDLE_IDENTIFIER = ai.qwixit.app.tests; PRODUCT_NAME = "$(TARGET_NAME)"; SWIFT_VERSION = 5.0; TEST_HOST = "$(BUILT_PRODUCTS_DIR)/Qwixit.app/Contents/MacOS/Qwixit";}; name = Debug; };
		F20000000000000000000006 /* Release */ = {isa = XCBuildConfiguration; buildSettings = {BUNDLE_LOADER = "$(TEST_HOST)"; CODE_SIGNING_ALLOWED = NO; GENERATE_INFOPLIST_FILE = YES; MACOSX_DEPLOYMENT_TARGET = 14.0; PRODUCT_BUNDLE_IDENTIFIER = ai.qwixit.app.tests; PRODUCT_NAME = "$(TARGET_NAME)"; SWIFT_VERSION = 5.0; TEST_HOST = "$(BUILT_PRODUCTS_DIR)/Qwixit.app/Contents/MacOS/Qwixit";}; name = Release; };
/* End XCBuildConfiguration section */

/* Begin XCConfigurationList section */
		F10000000000000000000001 = {isa = XCConfigurationList; buildConfigurations = (F20000000000000000000001, F20000000000000000000002); defaultConfigurationIsVisible = 0; defaultConfigurationName = Release; };
		F10000000000000000000002 = {isa = XCConfigurationList; buildConfigurations = (F20000000000000000000003, F20000000000000000000004); defaultConfigurationIsVisible = 0; defaultConfigurationName = Release; };
		F10000000000000000000003 = {isa = XCConfigurationList; buildConfigurations = (F20000000000000000000005, F20000000000000000000006); defaultConfigurationIsVisible = 0; defaultConfigurationName = Release; };
/* End XCConfigurationList section */
	};
	rootObject = E10000000000000000000002;
}
